
Microsoft Visual Studio Solution File, Format Version 12.00
# Visual Studio 15
VisualStudioVersion = 15.0.28010.2046
MinimumVisualStudioVersion = 10.0.40219.1
Project("{FAE04EC0-301F-11D3-BF4B-00C04F79EFBC}") = "WinFormTestTPT", "WinFormTestTPT\WinFormTestTPT.csproj", "{6E485759-615C-47C6-BBFB-B3FCA22168DE}"
EndProject
Global
	GlobalSection(SolutionConfigurationPlatforms) = preSolution
		Debug|Any CPU = Debug|Any CPU
		Release|Any CPU = Release|Any CPU
	EndGlobalSection
	GlobalSection(ProjectConfigurationPlatforms) = postSolution
		{6E485759-615C-47C6-BBFB-B3FCA22168DE}.Debug|Any CPU.ActiveCfg = Debug|Any CPU
		{6E485759-615C-47C6-BBFB-B3FCA22168DE}.Debug|Any CPU.Build.0 = Debug|Any CPU
		{6E485759-615C-47C6-BBFB-B3FCA22168DE}.Release|Any CPU.ActiveCfg = Release|Any CPU
		{6E485759-615C-47C6-BBFB-B3FCA22168DE}.Release|Any CPU.Build.0 = Release|Any CPU
	EndGlobalSection
	GlobalSection(SolutionProperties) = preSolution
		HideSolutionNode = FALSE
	EndGlobalSection
	GlobalSection(ExtensibilityGlobals) = postSolution
		SolutionGuid = {C429B03E-CB66-4299-86F9-B6CF4F7C8E8E}
	EndGlobalSection
EndGlobal
